
Microsoft Visual Studio Solution File, Format Version 12.00
# Visual Studio Version 17
VisualStudioVersion = 17.12.35506.116
MinimumVisualStudioVersion = 10.0.40219.1
Project("{2150E333-8FDC-42A3-9474-1A3956D46DE8}") = "Services", "Services", "{5FB9C629-2727-4D87-891F-5C0F63B4C634}"
EndProject
Project("{2150E333-8FDC-42A3-9474-1A3956D46DE8}") = "Catalog", "Catalog", "{EAF369C8-9560-4C57-8454-7295C5C6B178}"
EndProject
Project("{FAE04EC0-301F-11D3-BF4B-00C04F79EFBC}") = "Catalog.Api", "src\Catalog.Api\Catalog.Api.csproj", "{3FFD35B8-3267-4294-A219-F151D6460DF4}"
EndProject
Project("{E53339B2-1760-4266-BCC7-CA923CBCF16C}") = "docker-compose", "docker-compose.dcproj", "{00F3EE45-C703-4EE0-8A4B-BDFD8192F3B9}"
EndProject
Project("{2150E333-8FDC-42A3-9474-1A3956D46DE8}") = "Basket", "Basket", "{B45AE553-01CC-4055-8B4C-5618025256C7}"
EndProject
Project("{FAE04EC0-301F-11D3-BF4B-00C04F79EFBC}") = "Basket.Api", "src\Basket.Api\Basket.Api.csproj", "{4617BFB4-63F0-4D89-9F46-C4665B463C1E}"
EndProject
Project("{2150E333-8FDC-42A3-9474-1A3956D46DE8}") = "Discount", "Discount", "{0E25403A-E6AB-4026-9F77-567F97C34B49}"
EndProject
Project("{FAE04EC0-301F-11D3-BF4B-00C04F79EFBC}") = "Discount.api", "src\Discount.api\Discount.api.csproj", "{28146A4A-3417-4EDF-B169-A1489DFC2604}"
EndProject
Project("{FAE04EC0-301F-11D3-BF4B-00C04F79EFBC}") = "Discount.gRPC", "src\Discount.gRPC\Discount.gRPC.csproj", "{D6CA584B-0DD5-41E6-84C3-30387A2A0BF4}"
EndProject
Project("{2150E333-8FDC-42A3-9474-1A3956D46DE8}") = "Ordering", "Ordering", "{A83C2721-0353-4E57-8771-6C370981FD3C}"
EndProject
Project("{FAE04EC0-301F-11D3-BF4B-00C04F79EFBC}") = "Ordering.Api", "src\Ordering.Api\Ordering.Api.csproj", "{3F331553-7778-4A71-9215-07CF6347BB3C}"
EndProject
Project("{FAE04EC0-301F-11D3-BF4B-00C04F79EFBC}") = "Ordering.Domain", "src\Ordering.Domain\Ordering.Domain.csproj", "{BDA1CF98-B837-4668-82CE-2FD79BFBC520}"
EndProject
Project("{FAE04EC0-301F-11D3-BF4B-00C04F79EFBC}") = "Ordering.Application", "src\Ordering.Application\Ordering.Application.csproj", "{D22A116F-0C0C-44D9-B958-AE9795462045}"
EndProject
Project("{FAE04EC0-301F-11D3-BF4B-00C04F79EFBC}") = "Ordering.Infrastructure", "src\Ordering.Infrastructure\Ordering.Infrastructure.csproj", "{C55B59EA-F6B9-409F-9F3B-C4756265186E}"
EndProject
Project("{2150E333-8FDC-42A3-9474-1A3956D46DE8}") = "Building Blocks", "Building Blocks", "{19C3819E-2D13-4499-9AC7-59C5DCF242AB}"
EndProject
Project("{FAE04EC0-301F-11D3-BF4B-00C04F79EFBC}") = "EventBus.Messages", "src\BuildingBlocks\EventBus.Messages\EventBus.Messages.csproj", "{09C443BD-8BA9-4699-89AE-4CBA64C80A9C}"
EndProject
Project("{2150E333-8FDC-42A3-9474-1A3956D46DE8}") = "ApiGateways", "ApiGateways", "{4461D9D1-9EA9-4E0A-B53B-BA5D7CE37569}"
EndProject
Project("{FAE04EC0-301F-11D3-BF4B-00C04F79EFBC}") = "OcelotApiGateway", "src\ApiGateways\OcelotApiGateway\OcelotApiGateway.csproj", "{48E5CDBF-F0FA-424F-B201-8E8719BE60F3}"
EndProject
Project("{FAE04EC0-301F-11D3-BF4B-00C04F79EFBC}") = "Shopping.Aggregator", "src\ApiGateways\Shopping.Aggregator\Shopping.Aggregator.csproj", "{1D5A04D8-03E6-480B-AFC4-46A1D7D34E13}"
EndProject
Global
	GlobalSection(SolutionConfigurationPlatforms) = preSolution
		Debug|Any CPU = Debug|Any CPU
		Release|Any CPU = Release|Any CPU
	EndGlobalSection
	GlobalSection(ProjectConfigurationPlatforms) = postSolution
		{3FFD35B8-3267-4294-A219-F151D6460DF4}.Debug|Any CPU.ActiveCfg = Debug|Any CPU
		{3FFD35B8-3267-4294-A219-F151D6460DF4}.Debug|Any CPU.Build.0 = Debug|Any CPU
		{3FFD35B8-3267-4294-A219-F151D6460DF4}.Release|Any CPU.ActiveCfg = Release|Any CPU
		{3FFD35B8-3267-4294-A219-F151D6460DF4}.Release|Any CPU.Build.0 = Release|Any CPU
		{00F3EE45-C703-4EE0-8A4B-BDFD8192F3B9}.Debug|Any CPU.ActiveCfg = Debug|Any CPU
		{00F3EE45-C703-4EE0-8A4B-BDFD8192F3B9}.Debug|Any CPU.Build.0 = Debug|Any CPU
		{00F3EE45-C703-4EE0-8A4B-BDFD8192F3B9}.Release|Any CPU.ActiveCfg = Release|Any CPU
		{00F3EE45-C703-4EE0-8A4B-BDFD8192F3B9}.Release|Any CPU.Build.0 = Release|Any CPU
		{4617BFB4-63F0-4D89-9F46-C4665B463C1E}.Debug|Any CPU.ActiveCfg = Debug|Any CPU
		{4617BFB4-63F0-4D89-9F46-C4665B463C1E}.Debug|Any CPU.Build.0 = Debug|Any CPU
		{4617BFB4-63F0-4D89-9F46-C4665B463C1E}.Release|Any CPU.ActiveCfg = Release|Any CPU
		{4617BFB4-63F0-4D89-9F46-C4665B463C1E}.Release|Any CPU.Build.0 = Release|Any CPU
		{28146A4A-3417-4EDF-B169-A1489DFC2604}.Debug|Any CPU.ActiveCfg = Debug|Any CPU
		{28146A4A-3417-4EDF-B169-A1489DFC2604}.Debug|Any CPU.Build.0 = Debug|Any CPU
		{28146A4A-3417-4EDF-B169-A1489DFC2604}.Release|Any CPU.ActiveCfg = Release|Any CPU
		{28146A4A-3417-4EDF-B169-A1489DFC2604}.Release|Any CPU.Build.0 = Release|Any CPU
		{D6CA584B-0DD5-41E6-84C3-30387A2A0BF4}.Debug|Any CPU.ActiveCfg = Debug|Any CPU
		{D6CA584B-0DD5-41E6-84C3-30387A2A0BF4}.Debug|Any CPU.Build.0 = Debug|Any CPU
		{D6CA584B-0DD5-41E6-84C3-30387A2A0BF4}.Release|Any CPU.ActiveCfg = Release|Any CPU
		{D6CA584B-0DD5-41E6-84C3-30387A2A0BF4}.Release|Any CPU.Build.0 = Release|Any CPU
		{3F331553-7778-4A71-9215-07CF6347BB3C}.Debug|Any CPU.ActiveCfg = Debug|Any CPU
		{3F331553-7778-4A71-9215-07CF6347BB3C}.Debug|Any CPU.Build.0 = Debug|Any CPU
		{3F331553-7778-4A71-9215-07CF6347BB3C}.Release|Any CPU.ActiveCfg = Release|Any CPU
		{3F331553-7778-4A71-9215-07CF6347BB3C}.Release|Any CPU.Build.0 = Release|Any CPU
		{BDA1CF98-B837-4668-82CE-2FD79BFBC520}.Debug|Any CPU.ActiveCfg = Debug|Any CPU
		{BDA1CF98-B837-4668-82CE-2FD79BFBC520}.Debug|Any CPU.Build.0 = Debug|Any CPU
		{BDA1CF98-B837-4668-82CE-2FD79BFBC520}.Release|Any CPU.ActiveCfg = Release|Any CPU
		{BDA1CF98-B837-4668-82CE-2FD79BFBC520}.Release|Any CPU.Build.0 = Release|Any CPU
		{D22A116F-0C0C-44D9-B958-AE9795462045}.Debug|Any CPU.ActiveCfg = Debug|Any CPU
		{D22A116F-0C0C-44D9-B958-AE9795462045}.Debug|Any CPU.Build.0 = Debug|Any CPU
		{D22A116F-0C0C-44D9-B958-AE9795462045}.Release|Any CPU.ActiveCfg = Release|Any CPU
		{D22A116F-0C0C-44D9-B958-AE9795462045}.Release|Any CPU.Build.0 = Release|Any CPU
		{C55B59EA-F6B9-409F-9F3B-C4756265186E}.Debug|Any CPU.ActiveCfg = Debug|Any CPU
		{C55B59EA-F6B9-409F-9F3B-C4756265186E}.Debug|Any CPU.Build.0 = Debug|Any CPU
		{C55B59EA-F6B9-409F-9F3B-C4756265186E}.Release|Any CPU.ActiveCfg = Release|Any CPU
		{C55B59EA-F6B9-409F-9F3B-C4756265186E}.Release|Any CPU.Build.0 = Release|Any CPU
		{09C443BD-8BA9-4699-89AE-4CBA64C80A9C}.Debug|Any CPU.ActiveCfg = Debug|Any CPU
		{09C443BD-8BA9-4699-89AE-4CBA64C80A9C}.Debug|Any CPU.Build.0 = Debug|Any CPU
		{09C443BD-8BA9-4699-89AE-4CBA64C80A9C}.Release|Any CPU.ActiveCfg = Release|Any CPU
		{09C443BD-8BA9-4699-89AE-4CBA64C80A9C}.Release|Any CPU.Build.0 = Release|Any CPU
		{48E5CDBF-F0FA-424F-B201-8E8719BE60F3}.Debug|Any CPU.ActiveCfg = Debug|Any CPU
		{48E5CDBF-F0FA-424F-B201-8E8719BE60F3}.Debug|Any CPU.Build.0 = Debug|Any CPU
		{48E5CDBF-F0FA-424F-B201-8E8719BE60F3}.Release|Any CPU.ActiveCfg = Release|Any CPU
		{48E5CDBF-F0FA-424F-B201-8E8719BE60F3}.Release|Any CPU.Build.0 = Release|Any CPU
		{1D5A04D8-03E6-480B-AFC4-46A1D7D34E13}.Debug|Any CPU.ActiveCfg = Debug|Any CPU
		{1D5A04D8-03E6-480B-AFC4-46A1D7D34E13}.Debug|Any CPU.Build.0 = Debug|Any CPU
		{1D5A04D8-03E6-480B-AFC4-46A1D7D34E13}.Release|Any CPU.ActiveCfg = Release|Any CPU
		{1D5A04D8-03E6-480B-AFC4-46A1D7D34E13}.Release|Any CPU.Build.0 = Release|Any CPU
	EndGlobalSection
	GlobalSection(SolutionProperties) = preSolution
		HideSolutionNode = FALSE
	EndGlobalSection
	GlobalSection(NestedProjects) = preSolution
		{EAF369C8-9560-4C57-8454-7295C5C6B178} = {5FB9C629-2727-4D87-891F-5C0F63B4C634}
		{3FFD35B8-3267-4294-A219-F151D6460DF4} = {EAF369C8-9560-4C57-8454-7295C5C6B178}
		{B45AE553-01CC-4055-8B4C-5618025256C7} = {5FB9C629-2727-4D87-891F-5C0F63B4C634}
		{4617BFB4-63F0-4D89-9F46-C4665B463C1E} = {B45AE553-01CC-4055-8B4C-5618025256C7}
		{0E25403A-E6AB-4026-9F77-567F97C34B49} = {5FB9C629-2727-4D87-891F-5C0F63B4C634}
		{28146A4A-3417-4EDF-B169-A1489DFC2604} = {0E25403A-E6AB-4026-9F77-567F97C34B49}
		{D6CA584B-0DD5-41E6-84C3-30387A2A0BF4} = {0E25403A-E6AB-4026-9F77-567F97C34B49}
		{A83C2721-0353-4E57-8771-6C370981FD3C} = {5FB9C629-2727-4D87-891F-5C0F63B4C634}
		{3F331553-7778-4A71-9215-07CF6347BB3C} = {A83C2721-0353-4E57-8771-6C370981FD3C}
		{BDA1CF98-B837-4668-82CE-2FD79BFBC520} = {A83C2721-0353-4E57-8771-6C370981FD3C}
		{D22A116F-0C0C-44D9-B958-AE9795462045} = {A83C2721-0353-4E57-8771-6C370981FD3C}
		{C55B59EA-F6B9-409F-9F3B-C4756265186E} = {A83C2721-0353-4E57-8771-6C370981FD3C}
		{09C443BD-8BA9-4699-89AE-4CBA64C80A9C} = {19C3819E-2D13-4499-9AC7-59C5DCF242AB}
		{48E5CDBF-F0FA-424F-B201-8E8719BE60F3} = {4461D9D1-9EA9-4E0A-B53B-BA5D7CE37569}
		{1D5A04D8-03E6-480B-AFC4-46A1D7D34E13} = {4461D9D1-9EA9-4E0A-B53B-BA5D7CE37569}
	EndGlobalSection
EndGlobal
